
Microsoft Visual Studio Solution File, Format Version 12.00
# Visual Studio 15
VisualStudioVersion = 15.0.26206.0
MinimumVisualStudioVersion = 10.0.40219.1
Project("{9A19103F-16F7-4668-BE54-9A1E7A4F7556}") = "DotNetLive.AdminWeb", "DotNetLive.AdminWeb\DotNetLive.AdminWeb.csproj", "{DA8A975D-2E3F-483E-9DC3-E7462C7D637D}"
EndProject
Project("{9A19103F-16F7-4668-BE54-9A1E7A4F7556}") = "DotNetLive.Framework", "..\..\dotnetlive.framework\src\DotNetLive.Framework\DotNetLive.Framework.csproj", "{63656F68-9227-40FB-B090-31BA52A70725}"
EndProject
Global
	GlobalSection(SolutionConfigurationPlatforms) = preSolution
		Debug|Any CPU = Debug|Any CPU
		Debug|x64 = Debug|x64
		Debug|x86 = Debug|x86
		Release|Any CPU = Release|Any CPU
		Release|x64 = Release|x64
		Release|x86 = Release|x86
	EndGlobalSection
	GlobalSection(ProjectConfigurationPlatforms) = postSolution
		{DA8A975D-2E3F-483E-9DC3-E7462C7D637D}.Debug|Any CPU.ActiveCfg = Debug|Any CPU
		{DA8A975D-2E3F-483E-9DC3-E7462C7D637D}.Debug|Any CPU.Build.0 = Debug|Any CPU
		{DA8A975D-2E3F-483E-9DC3-E7462C7D637D}.Debug|x64.ActiveCfg = Debug|x64
		{DA8A975D-2E3F-483E-9DC3-E7462C7D637D}.Debug|x64.Build.0 = Debug|x64
		{DA8A975D-2E3F-483E-9DC3-E7462C7D637D}.Debug|x86.ActiveCfg = Debug|x86
		{DA8A975D-2E3F-483E-9DC3-E7462C7D637D}.Debug|x86.Build.0 = Debug|x86
		{DA8A975D-2E3F-483E-9DC3-E7462C7D637D}.Release|Any CPU.ActiveCfg = Release|Any CPU
		{DA8A975D-2E3F-483E-9DC3-E7462C7D637D}.Release|Any CPU.Build.0 = Release|Any CPU
		{DA8A975D-2E3F-483E-9DC3-E7462C7D637D}.Release|x64.ActiveCfg = Release|x64
		{DA8A975D-2E3F-483E-9DC3-E7462C7D637D}.Release|x64.Build.0 = Release|x64
		{DA8A975D-2E3F-483E-9DC3-E7462C7D637D}.Release|x86.ActiveCfg = Release|x86
		{DA8A975D-2E3F-483E-9DC3-E7462C7D637D}.Release|x86.Build.0 = Release|x86
		{63656F68-9227-40FB-B090-31BA52A70725}.Debug|Any CPU.ActiveCfg = Debug|Any CPU
		{63656F68-9227-40FB-B090-31BA52A70725}.Debug|Any CPU.Build.0 = Debug|Any CPU
		{63656F68-9227-40FB-B090-31BA52A70725}.Debug|x64.ActiveCfg = Debug|x64
		{63656F68-9227-40FB-B090-31BA52A70725}.Debug|x64.Build.0 = Debug|x64
		{63656F68-9227-40FB-B090-31BA52A70725}.Debug|x86.ActiveCfg = Debug|x86
		{63656F68-9227-40FB-B090-31BA52A70725}.Debug|x86.Build.0 = Debug|x86
		{63656F68-9227-40FB-B090-31BA52A70725}.Release|Any CPU.ActiveCfg = Release|Any CPU
		{63656F68-9227-40FB-B090-31BA52A70725}.Release|Any CPU.Build.0 = Release|Any CPU
		{63656F68-9227-40FB-B090-31BA52A70725}.Release|x64.ActiveCfg = Release|x64
		{63656F68-9227-40FB-B090-31BA52A70725}.Release|x64.Build.0 = Release|x64
		{63656F68-9227-40FB-B090-31BA52A70725}.Release|x86.ActiveCfg = Release|x86
		{63656F68-9227-40FB-B090-31BA52A70725}.Release|x86.Build.0 = Release|x86
	EndGlobalSection
	GlobalSection(SolutionProperties) = preSolution
		HideSolutionNode = FALSE
	EndGlobalSection
EndGlobal
